
Microsoft Visual Studio Solution File, Format Version 12.00
# Visual Studio Version 16
VisualStudioVersion = 16.0.28803.156
MinimumVisualStudioVersion = 10.0.40219.1
Project("{FAE04EC0-301F-11D3-BF4B-00C04F79EFBC}") = "ZaloSpammer", "SkypeIAM\ZaloSpammer.csproj", "{09ED2F66-74E1-42ED-A2BC-11974F5E47BB}"
EndProject
Global
	GlobalSection(SolutionConfigurationPlatforms) = preSolution
		Debug|Any CPU = Debug|Any CPU
		Release|Any CPU = Release|Any CPU
	EndGlobalSection
	GlobalSection(ProjectConfigurationPlatforms) = postSolution
		{09ED2F66-74E1-42ED-A2BC-11974F5E47BB}.Debug|Any CPU.ActiveCfg = Debug|Any CPU
		{09ED2F66-74E1-42ED-A2BC-11974F5E47BB}.Debug|Any CPU.Build.0 = Debug|Any CPU
		{09ED2F66-74E1-42ED-A2BC-11974F5E47BB}.Release|Any CPU.ActiveCfg = Release|Any CPU
		{09ED2F66-74E1-42ED-A2BC-11974F5E47BB}.Release|Any CPU.Build.0 = Release|Any CPU
	EndGlobalSection
	GlobalSection(SolutionProperties) = preSolution
		HideSolutionNode = FALSE
	EndGlobalSection
	GlobalSection(ExtensibilityGlobals) = postSolution
		SolutionGuid = {8F902AD7-97FA-4CE9-B3AB-7F14DC40C020}
	EndGlobalSection
EndGlobal
